<?xml version="1.0" encoding="utf-8"?>
<Project ToolsVersion="4.0" xmlns="http://schemas.microsoft.com/developer/msbuild/2003">
  <ItemGroup>
    <Filter Include="Source Files">
      <UniqueIdentifier>{4FC737F1-C7A5-4376-A066-2A32D752A2FF}</UniqueIdentifier>
      <Extensions>cpp;c;cc;cxx;c++;cppm;ixx;def;odl;idl;hpj;bat;asm;asmx</Extensions>
    </Filter>
    <Filter Include="Header Files">
      <UniqueIdentifier>{93995380-89BD-4b04-88EB-625FBE52EBFB}</UniqueIdentifier>
      <Extensions>h;hh;hpp;hxx;h++;hm;inl;inc;ipp;xsd</Extensions>
    </Filter>
    <Filter Include="Resource Files">
      <UniqueIdentifier>{67DA6AB6-F800-4c08-8B7A-83BB121AAD01}</UniqueIdentifier>
      <Extensions>rc;ico;cur;bmp;dlg;rc2;rct;bin;rgs;gif;jpg;jpeg;jpe;resx;tiff;tif;png;wav;mfcribbon-ms</Extensions>
    </Filter>
    <Filter Include="Header Files\ImGui">
      <UniqueIdentifier>{431f4acf-f1b0-465a-8803-cbad104b9370}</UniqueIdentifier>
    </Filter>
    <Filter Include="Source Files\Application">
      <UniqueIdentifier>{6b370f3c-15f1-4b7f-aab6-81b43f26215b}</UniqueIdentifier>
    </Filter>
    <Filter Include="Source Files\window">
      <UniqueIdentifier>{45a3e607-945a-4c28-b863-c81c96bc7b41}</UniqueIdentifier>
    </Filter>
    <Filter Include="Source Files\resources">
      <UniqueIdentifier>{7b87df82-ff43-4d41-907b-7d1f026a7421}</UniqueIdentifier>
    </Filter>
    <Filter Include="Source Files\drawing">
      <UniqueIdentifier>{8e676780-1e98-4f4e-87b6-7a0dedb8f2ad}</UniqueIdentifier>
    </Filter>
  </ItemGroup>
  <ItemGroup>
    <ClInclude Include="framework.h">
      <Filter>Header Files</Filter>
    </ClInclude>
    <ClInclude Include="targetver.h">
      <Filter>Header Files</Filter>
    </ClInclude>
    <ClInclude Include="Resource.h">
      <Filter>Header Files</Filter>
    </ClInclude>
    <ClInclude Include="piste.h">
      <Filter>Header Files</Filter>
    </ClInclude>
    <ClInclude Include="ImGui\imgui_impl_dx11.h">
      <Filter>Header Files\ImGui</Filter>
    </ClInclude>
    <ClInclude Include="ImGui\imgui_impl_win32.h">
      <Filter>Header Files\ImGui</Filter>
    </ClInclude>
    <ClInclude Include="ImGui\imgui_internal.h">
      <Filter>Header Files\ImGui</Filter>
    </ClInclude>
    <ClInclude Include="ImGui\imgui_stdlib.h">
      <Filter>Header Files\ImGui</Filter>
    </ClInclude>
    <ClInclude Include="ImGui\imstb_rectpack.h">
      <Filter>Header Files\ImGui</Filter>
    </ClInclude>
    <ClInclude Include="ImGui\imstb_textedit.h">
      <Filter>Header Files\ImGui</Filter>
    </ClInclude>
    <ClInclude Include="ImGui\imstb_truetype.h">
      <Filter>Header Files\ImGui</Filter>
    </ClInclude>
    <ClInclude Include="ImGui\imconfig.h">
      <Filter>Header Files\ImGui</Filter>
    </ClInclude>
    <ClInclude Include="ImGui\imgui.h">
      <Filter>Header Files\ImGui</Filter>
    </ClInclude>
    <ClInclude Include="app_ui.hpp">
      <Filter>Source Files\Application</Filter>
    </ClInclude>
    <ClInclude Include="basewindow.hpp">
      <Filter>Source Files\window</Filter>
    </ClInclude>
    <ClInclude Include="basetabs.hpp">
      <Filter>Source Files\window</Filter>
    </ClInclude>
    <ClInclude Include="appwindows.hpp">
      <Filter>Source Files\window</Filter>
    </ClInclude>
    <ClInclude Include="winfont.hpp">
      <Filter>Source Files\resources</Filter>
    </ClInclude>
    <ClInclude Include="imageresources.hpp">
      <Filter>Source Files\resources</Filter>
    </ClInclude>
    <ClInclude Include="filetools.hpp">
      <Filter>Source Files\resources</Filter>
    </ClInclude>
    <ClInclude Include="d_common_shapes.hpp">
      <Filter>Source Files\drawing</Filter>
    </ClInclude>
    <ClInclude Include="timing.hpp">
      <Filter>Source Files\resources</Filter>
    </ClInclude>
    <ClInclude Include="brain.hpp">
      <Filter>Source Files\Application</Filter>
    </ClInclude>
    <ClInclude Include="qmath.hpp">
      <Filter>Source Files\resources</Filter>
    </ClInclude>
    <ClInclude Include="cell.hpp">
      <Filter>Source Files\Application</Filter>
    </ClInclude>
    <ClInclude Include="population.hpp">
      <Filter>Source Files\Application</Filter>
    </ClInclude>
    <ClInclude Include="_general.hpp">
      <Filter>Source Files\Application</Filter>
    </ClInclude>
  </ItemGroup>
  <ItemGroup>
    <ClCompile Include="piste.cpp">
      <Filter>Source Files</Filter>
    </ClCompile>
    <ClCompile Include="ImGui\imgui_impl_dx11.cpp">
      <Filter>Header Files\ImGui</Filter>
    </ClCompile>
    <ClCompile Include="ImGui\imgui_impl_win32.cpp">
      <Filter>Header Files\ImGui</Filter>
    </ClCompile>
    <ClCompile Include="ImGui\imgui_stdlib.cpp">
      <Filter>Header Files\ImGui</Filter>
    </ClCompile>
    <ClCompile Include="ImGui\imgui_tables.cpp">
      <Filter>Header Files\ImGui</Filter>
    </ClCompile>
    <ClCompile Include="ImGui\imgui_widgets.cpp">
      <Filter>Header Files\ImGui</Filter>
    </ClCompile>
    <ClCompile Include="ImGui\imgui.cpp">
      <Filter>Header Files\ImGui</Filter>
    </ClCompile>
    <ClCompile Include="ImGui\imgui_demo.cpp">
      <Filter>Header Files\ImGui</Filter>
    </ClCompile>
    <ClCompile Include="ImGui\imgui_draw.cpp">
      <Filter>Header Files\ImGui</Filter>
    </ClCompile>
    <ClCompile Include="app_ui.cpp">
      <Filter>Source Files\Application</Filter>
    </ClCompile>
    <ClCompile Include="basewindow.cpp">
      <Filter>Source Files\window</Filter>
    </ClCompile>
    <ClCompile Include="basetabs.cpp">
      <Filter>Source Files\window</Filter>
    </ClCompile>
    <ClCompile Include="appwindows.cpp">
      <Filter>Source Files\window</Filter>
    </ClCompile>
    <ClCompile Include="winfont.cpp">
      <Filter>Source Files\resources</Filter>
    </ClCompile>
    <ClCompile Include="imageresources.cpp">
      <Filter>Source Files\resources</Filter>
    </ClCompile>
    <ClCompile Include="filetools.cpp">
      <Filter>Source Files\resources</Filter>
    </ClCompile>
    <ClCompile Include="d_common_shapes.cpp">
      <Filter>Source Files\drawing</Filter>
    </ClCompile>
    <ClCompile Include="timing.cpp">
      <Filter>Source Files\resources</Filter>
    </ClCompile>
    <ClCompile Include="brain.cpp">
      <Filter>Source Files\Application</Filter>
    </ClCompile>
    <ClCompile Include="qmath.cpp">
      <Filter>Source Files\resources</Filter>
    </ClCompile>
    <ClCompile Include="cell.cpp">
      <Filter>Source Files\Application</Filter>
    </ClCompile>
    <ClCompile Include="population.cpp">
      <Filter>Source Files\Application</Filter>
    </ClCompile>
    <ClCompile Include="_general.cpp">
      <Filter>Source Files\Application</Filter>
    </ClCompile>
  </ItemGroup>
  <ItemGroup>
    <ResourceCompile Include="piste.rc">
      <Filter>Resource Files</Filter>
    </ResourceCompile>
  </ItemGroup>
  <ItemGroup>
    <Image Include="small.ico">
      <Filter>Resource Files</Filter>
    </Image>
    <Image Include="piste.ico">
      <Filter>Resource Files</Filter>
    </Image>
  </ItemGroup>
</Project>